
Microsoft Visual Studio Solution File, Format Version 12.00
# Visual Studio Version 16
VisualStudioVersion = 16.0.33423.256
MinimumVisualStudioVersion = 10.0.40219.1
Project("{FAE04EC0-301F-11D3-BF4B-00C04F79EFBC}") = "Rework096Target", "Rework096Target\Rework096Target.csproj", "{7E0B3C85-FB28-4A6C-87E1-9AAAE2616645}"
EndProject
Global
	GlobalSection(SolutionConfigurationPlatforms) = preSolution
		Debug|Any CPU = Debug|Any CPU
		Release|Any CPU = Release|Any CPU
	EndGlobalSection
	GlobalSection(ProjectConfigurationPlatforms) = postSolution
		{7E0B3C85-FB28-4A6C-87E1-9AAAE2616645}.Debug|Any CPU.ActiveCfg = Debug|Any CPU
		{7E0B3C85-FB28-4A6C-87E1-9AAAE2616645}.Debug|Any CPU.Build.0 = Debug|Any CPU
		{7E0B3C85-FB28-4A6C-87E1-9AAAE2616645}.Release|Any CPU.ActiveCfg = Release|Any CPU
		{7E0B3C85-FB28-4A6C-87E1-9AAAE2616645}.Release|Any CPU.Build.0 = Release|Any CPU
	EndGlobalSection
	GlobalSection(SolutionProperties) = preSolution
		HideSolutionNode = FALSE
	EndGlobalSection
	GlobalSection(ExtensibilityGlobals) = postSolution
		SolutionGuid = {884D7404-E8B5-415D-BDCD-074A26EB5833}
	EndGlobalSection
EndGlobal
